
Microsoft Visual Studio Solution File, Format Version 12.00
# Visual Studio Version 17
VisualStudioVersion = 17.11.35219.272
MinimumVisualStudioVersion = 10.0.40219.1
Project("{FAE04EC0-301F-11D3-BF4B-00C04F79EFBC}") = "Principal", "Principal\Principal.csproj", "{97A81DB8-7CE9-4BC8-BE6B-CD9A554F6CC1}"
EndProject
Project("{FAE04EC0-301F-11D3-BF4B-00C04F79EFBC}") = "Logica", "Logica\Logica.csproj", "{20127095-9062-40AB-AE9D-759FA1BD254B}"
EndProject
Project("{FAE04EC0-301F-11D3-BF4B-00C04F79EFBC}") = "Modelo", "Modelo\Modelo.csproj", "{A91CFC1B-EECA-45B1-975A-C74B306BFC16}"
EndProject
Global
	GlobalSection(SolutionConfigurationPlatforms) = preSolution
		Debug|Any CPU = Debug|Any CPU
		Release|Any CPU = Release|Any CPU
	EndGlobalSection
	GlobalSection(ProjectConfigurationPlatforms) = postSolution
		{97A81DB8-7CE9-4BC8-BE6B-CD9A554F6CC1}.Debug|Any CPU.ActiveCfg = Debug|Any CPU
		{97A81DB8-7CE9-4BC8-BE6B-CD9A554F6CC1}.Debug|Any CPU.Build.0 = Debug|Any CPU
		{97A81DB8-7CE9-4BC8-BE6B-CD9A554F6CC1}.Release|Any CPU.ActiveCfg = Release|Any CPU
		{97A81DB8-7CE9-4BC8-BE6B-CD9A554F6CC1}.Release|Any CPU.Build.0 = Release|Any CPU
		{20127095-9062-40AB-AE9D-759FA1BD254B}.Debug|Any CPU.ActiveCfg = Debug|Any CPU
		{20127095-9062-40AB-AE9D-759FA1BD254B}.Debug|Any CPU.Build.0 = Debug|Any CPU
		{20127095-9062-40AB-AE9D-759FA1BD254B}.Release|Any CPU.ActiveCfg = Release|Any CPU
		{20127095-9062-40AB-AE9D-759FA1BD254B}.Release|Any CPU.Build.0 = Release|Any CPU
		{A91CFC1B-EECA-45B1-975A-C74B306BFC16}.Debug|Any CPU.ActiveCfg = Debug|Any CPU
		{A91CFC1B-EECA-45B1-975A-C74B306BFC16}.Debug|Any CPU.Build.0 = Debug|Any CPU
		{A91CFC1B-EECA-45B1-975A-C74B306BFC16}.Release|Any CPU.ActiveCfg = Release|Any CPU
		{A91CFC1B-EECA-45B1-975A-C74B306BFC16}.Release|Any CPU.Build.0 = Release|Any CPU
	EndGlobalSection
	GlobalSection(SolutionProperties) = preSolution
		HideSolutionNode = FALSE
	EndGlobalSection
	GlobalSection(ExtensibilityGlobals) = postSolution
		SolutionGuid = {22456EF8-DC95-4C55-B4B8-E4F869F597FB}
	EndGlobalSection
EndGlobal
